// !$*UTF8*$!
{
	archiveVersion = 1;
	classes = {
	};
	objectVersion = 46;
	objects = {
		75BAA5E319E0DDC7D0F51B8E = {
			isa = PBXBuildFile;
			fileRef = CDF650AC35CAFE39C208FF02;
		};
		9D228BE9623960861235977E = {
			isa = PBXBuildFile;
			fileRef = F63C79A1A154D7A740E0E57F;
		};
		1CF1F65022BF4CFACD2F439B = {
			isa = PBXBuildFile;
			fileRef = AB7F2D63068F86C19ECA610D;
		};
		B4FA164D0715D0ECB42BEB2B = {
			isa = PBXBuildFile;
			fileRef = A1177AF08F1D0FBF31DFBD23;
		};
		14974CC2610FCA1D1B40C150 = {
			isa = PBXBuildFile;
			fileRef = 31CB220F1DFCED969DD9F3C2;
		};
		ADDB35F0FA0783894561C16D = {
			isa = PBXBuildFile;
			fileRef = B38A958DE0608226B282CE13;
		};
		0942E90D96AA9545147AEECE = {
			isa = PBXBuildFile;
			fileRef = 60069BBDD7D1CDED61CC987E;
		};
		22C1BE67DFA65C0F0057D4F2 = {
			isa = PBXBuildFile;
			fileRef = 08B7B8792ADA5586887FE005;
		};
		23C70B253B5E61324466F077 = {
			isa = PBXBuildFile;
			fileRef = AC37A90D84F6DEDE01616644;
		};
		421B70ABFB886EEC9460ABB9 = {
			isa = PBXBuildFile;
			fileRef = 2875FB066F8E25AFF984D789;
		};
		BCB87B3EE5C0F0417D5F98F6 = {
			isa = PBXBuildFile;
			fileRef = D93C1C329888950B1543DC05;
		};
		D57BD8AF9843252B1121AE99 = {
			isa = PBXBuildFile;
			fileRef = 8A16343414EA9A45A949197C;
		};
		CFE4EFC8C6437B1249A729C4 = {
			isa = PBXBuildFile;
			fileRef = 6A4C1C16E280AAFC0A63E7F5;
		};
		B69C836B3B299C5CB7707EBB = {
			isa = PBXBuildFile;
			fileRef = 4E74CF92F06FDF16DE97A322;
		};
		12C9AE8153CC0AB4C8C43F14 = {
			isa = PBXBuildFile;
			fileRef = 0834853E4B652E84C541EF3E;
		};
		3797BF3EF71429AFD285B982 = {
			isa = PBXBuildFile;
			fileRef = 11F63AF8D81190EC2CD93AA4;
		};
		98EA7D13ADD80D4D182480B7 = {
			isa = PBXBuildFile;
			fileRef = 13A03F9DF7FB1B0F0453BB72;
		};
		0F5EE4F937FD901B9BBBB5A8 = {
			isa = PBXBuildFile;
			fileRef = D7A717A53EA1EC3AF7D6E700;
		};
		10A88BA4B8D955D0BBEBBC1C = {
			isa = PBXBuildFile;
			fileRef = C2A3716C849621AE97A3DBC3;
		};
		4FD0790F0379A7C902D79F72 = {
			isa = PBXBuildFile;
			fileRef = D871343D3E93D5ED747EEE2E;
		};
		C9852325595F51823ED72AE5 = {
			isa = PBXBuildFile;
			fileRef = 5FEAEF5C2D96F551F344B93C;
		};
		7B78D0692189F286C06BE117 = {
			isa = PBXBuildFile;
			fileRef = 56B193F392BA59C597B6A0B8;
		};
		8B02D57EE4D0D8B9ACC3FF82 = {
			isa = PBXBuildFile;
			fileRef = 6DD41FE4A2B81A9092D813DA;
		};
		C7A14045C1E4035FC2284F57 = {
			isa = PBXBuildFile;
			fileRef = 99EA3F52D8C590FE34374949;
		};
		94214846199774DA59F0BFBC = {
			isa = PBXBuildFile;
			fileRef = 00901C3E8485E935C71E7C83;
		};
		E3F8B8A9862A9C045316DEA5 = {
			isa = PBXBuildFile;
			fileRef = 647F6736BB1A095166032E7A;
		};
		3247714F5701A3AB4122B256 = {
			isa = PBXBuildFile;
			fileRef = 0A836C08DECDD3354A51E109;
		};
		57E511E98F1C210F5D391272 = {
			isa = PBXBuildFile;
			fileRef = EB7422F3D5A2B3ED5F90D48E;
		};
		37654085F76C372F0F5EE4F1 = {
			isa = PBXBuildFile;
			fileRef = 4DA358563FD935A8D89CD7B6;
		};
		5952DBBB9C916D2DF2659E30 = {
			isa = PBXBuildFile;
			fileRef = AFED67ABF22CA4CE68E8615C;
		};
		DF282D36B11DFC6A057634D9 = {
			isa = PBXBuildFile;
			fileRef = AF0427665CE92265E8ED42AF;
		};
		45EF00430487B4CA7F3C13AB = {
			isa = PBXBuildFile;
			fileRef = 2312C77C33F59B62F81A23C9;
		};
		64C09E65B5492CD3362BF83E = {
			isa = PBXBuildFile;
			fileRef = 55A9BB976AC351301DC92183;
		};
		420F27BEB0D581014E818CC3 = {
			isa = PBXBuildFile;
			fileRef = 9E98FD4C299575B6A1AE575D;
		};
		A28EDFFA0FFDC9F21DD36C3E = {
			isa = PBXBuildFile;
			fileRef = F46812FB2D57F1FA81FF5F16;
		};
		8CA9F13B711AD1DE70231DCF = {
			isa = PBXBuildFile;
			fileRef = A099A550CCFDAE3B2459E5D1;
		};
		CDC0ECCE065E169805B03A2B = {
			isa = PBXBuildFile;
			fileRef = CDA035B43C0FE8279DDAF0C0;
		};
		3BF076D5CB02FDE0D612606A = {
			isa = PBXBuildFile;
			fileRef = C659A15DF06178D25A4AD54F;
		};
		03923C94AF5176B13B219E86 = {
			isa = PBXBuildFile;
			fileRef = 5075A8152D50305AD04F5715;
		};
		F1C5805D1AFE43BB3153B381 = {
			isa = PBXBuildFile;
			fileRef = 9A898612618320A633F45486;
		};
		2E3A7D561DA592BCAB57FF87 = {
			isa = PBXBuildFile;
			fileRef = 614A3AC51D7FC7AB85724A06;
		};
		159C5DC6628ACCE3D4537D96 = {
			isa = PBXBuildFile;
			fileRef = 3DE92706C5CA797694E26A71;
		};
		941030C3684F0FA684E22221 = {
			isa = PBXBuildFile;
			fileRef = 69BA3391B1962EE1744BFFB4;
		};
		F63D12370B0666B2F7D710DE = {
			isa = PBXBuildFile;
			fileRef = A8E26A8FBBAE23199F991536;
		};
		2EF064827F6BF757DFC5FC0A = {
			isa = PBXBuildFile;
			fileRef = AACBE8B9939673F0A182DDD0;
		};
		9B8387781D24BB17AF6169A4 = {
			isa = PBXBuildFile;
			fileRef = F49BD080B11A409D530511F7;
		};
		C90E57BA94FD1A3D4E61418F = {
			isa = PBXBuildFile;
			fileRef = EF09EC7E92E0FB74C9E64075;
		};
		F0EDFAB7019EF5344006F5BA = {
			isa = PBXBuildFile;
			fileRef = F1606B04EC57C63767A6CE97;
		};
		0575009E9418FB84741BFD2F = {
			isa = PBXBuildFile;
			fileRef = 2DB5D22E8B7E76FFED1FB2FA;
		};
		4A34787C98268DF38FECFB3A = {
			isa = PBXBuildFile;
			fileRef = 76DE0843A8CDFD9284CB0BBC;
		};
		CE94AF076CB920273BCB811A = {
			isa = PBXBuildFile;
			fileRef = C4301DBA1AB468D7BA84796E;
		};
		1E2E68C0AC4B954D84FA9DE9 = {
			isa = PBXBuildFile;
			fileRef = C1E658408BA6A9FE980A1F55;
		};
		79BA495158398325F1EA9CAD = {
			isa = PBXBuildFile;
			fileRef = 7D22497AEEAB37B48C777D57;
		};
		DEF4B2F3FE6964D96515522F = {
			isa = PBXBuildFile;
			fileRef = EB2C798DABC0BBC7515B1BC4;
		};
		E69FDE2C781E68F89825881E = {
			isa = PBXBuildFile;
			fileRef = D5D2F8471B5ADE1CE0C1B339;
		};
		B93F17FB202DDFF58D8E2A26 = {
			isa = PBXBuildFile;
			fileRef = 35CCB483505409E4322A06C1;
		};
		142A651BE4E34C127DCB996D = {
			isa = PBXBuildFile;
			fileRef = FE890F69E984287B2A00635B;
		};
		4E61CD953ACC2C52DDD6944D = {
			isa = PBXBuildFile;
			fileRef = 25390936A87614A523EDA131;
		};
		A26A96D68A94787DA2CCC6AD = {
			isa = PBXBuildFile;
			fileRef = ED094E184E789111D76242F4;
		};
		6C903F7F524EF1D7689EC360 = {
			isa = PBXBuildFile;
			fileRef = 8A88D8037F5352A34A8B8799;
		};
		CB122BC410E0D8808404717B = {
			isa = PBXBuildFile;
			fileRef = F05BA2567C61F64EB826FF2A;
		};
		C5F69160FE6E967A5B688F26 = {
			isa = PBXBuildFile;
			fileRef = 75B64D06120C790032E8E3C4;
		};
		E11ACA54074C2BE245826B59 = {
			isa = PBXBuildFile;
			fileRef = 030189DEE45EA0393AB918D4;
		};
		9CA8AE77F7AB1FC544D0B333 = {
			isa = PBXBuildFile;
			fileRef = 37E1B01E29B6C8D24FF9B4B5;
		};
		8E64911C7C3416109357576F = {
			isa = PBXBuildFile;
			fileRef = 457E581F83A1188E636AF090;
		};
		C0C279B78633FF21F3B6F326 = {
			isa = PBXBuildFile;
			fileRef = 9380EF2933595E8256FA79F6;
		};
		9ABFC26AE67024FEA42D722C = {
			isa = PBXBuildFile;
			fileRef = 63F245A9A51A8B727C01CB3B;
		};
		0BFB75A654E7AE4A584E9926 = {
			isa = PBXBuildFile;
			fileRef = 756AEA7725BEB23FEC262D74;
		};
		F87F474A3F4A05F19BB59888 = {
			isa = PBXBuildFile;
			fileRef = 2A6E536043F53FE20970222E;
		};
		B7D2ACD693D0313B52590742 = {
			isa = PBXBuildFile;
			fileRef = F47DBB717F401171DB4C0FB6;
		};
		0084CC3DBC8C8F24C4AD8E92 = {
			isa = PBXFileReference;
			lastKnownFileType = sourcecode.c.h;
			name = Scavenger.h;
			path = ../../Source/rubberband/base/Scavenger.h;
			sourceTree = "SOURCE_ROOT";
		};
		00901C3E8485E935C71E7C83 = {
			isa = PBXFileReference;
			lastKnownFileType = sourcecode.cpp.cpp;
			name = AudioCurveCalculator.cpp;
			path = ../../Source/rubberband/dsp/AudioCurveCalculator.cpp;
			sourceTree = "SOURCE_ROOT";
		};
		030189DEE45EA0393AB918D4 = {
			isa = PBXFileReference;
			lastKnownFileType = sourcecode.cpp.objcpp;
			name = "include_juce_audio_processors.mm";
			path = "../../JuceLibraryCode/include_juce_audio_processors.mm";
			sourceTree = "SOURCE_ROOT";
		};
		03DEECC0B14EFEA0A3D09C37 = {
			isa = PBXFileReference;
			lastKnownFileType = file;
			name = "juce_audio_devices";
			path = "../../JuceLibraryCode/modules/juce_audio_devices";
			sourceTree = "SOURCE_ROOT";
		};
		04065B48D2361EAC57DABE29 = {
			isa = PBXFileReference;
			lastKnownFileType = sourcecode.c.h;
			name = TooltipPanel.h;
			path = ../../Source/TooltipPanel.h;
			sourceTree = "SOURCE_ROOT";
		};
		059653CD6188220356C6138D = {
			isa = PBXFileReference;
			lastKnownFileType = sourcecode.c.h;
			name = "neon_mathfun.h";
			path = "../../Source/rubberband/pommier/neon_mathfun.h";
			sourceTree = "SOURCE_ROOT";
		};
		0834853E4B652E84C541EF3E = {
			isa = PBXFileReference;
			lastKnownFileType = sourcecode.c.c;
			name = "src_linear.c";
			path = "../../Source/libsamplerate/src_linear.c";
			sourceTree = "SOURCE_ROOT";
		};
		08B7B8792ADA5586887FE005 = {
			isa = PBXFileReference;
			lastKnownFileType = wrapper.framework;
			name = DiscRecording.framework;
			path = System/Library/Frameworks/DiscRecording.framework;
			sourceTree = SDKROOT;
		};
		0A836C08DECDD3354A51E109 = {
			isa = PBXFileReference;
			lastKnownFileType = sourcecode.cpp.cpp;
			name = Resampler.cpp;
			path = ../../Source/rubberband/dsp/Resampler.cpp;
			sourceTree = "SOURCE_ROOT";
		};
		11F63AF8D81190EC2CD93AA4 = {
			isa = PBXFileReference;
			lastKnownFileType = sourcecode.c.c;
			name = "src_sinc.c";
			path = "../../Source/libsamplerate/src_sinc.c";
			sourceTree = "SOURCE_ROOT";
		};
		13A03F9DF7FB1B0F0453BB72 = {
			isa = PBXFileReference;
			lastKnownFileType = sourcecode.c.c;
			name = "src_zoh.c";
			path = "../../Source/libsamplerate/src_zoh.c";
			sourceTree = "SOURCE_ROOT";
		};
		16E70847FD616D8BB21E849F = {
			isa = PBXFileReference;
			lastKnownFileType = file;
			name = "juce_audio_utils";
			path = "../../JuceLibraryCode/modules/juce_audio_utils";
			sourceTree = "SOURCE_ROOT";
		};
		1A9E09B2EDBA66E6BF60E69D = {
			isa = PBXFileReference;
			lastKnownFileType = sourcecode.c.h;
			name = SpectralDifferenceAudioCurve.h;
			path = ../../Source/rubberband/audiocurves/SpectralDifferenceAudioCurve.h;
			sourceTree = "SOURCE_ROOT";
		};
		1C3F70C3580C7E30EF6D42C8 = {
			isa = PBXFileReference;
			lastKnownFileType = sourcecode.c.h;
			name = MainComponent.h;
			path = ../../Source/MainComponent.h;
			sourceTree = "SOURCE_ROOT";
		};
		1D34E447807AC442520F6E96 = {
			isa = PBXFileReference;
			lastKnownFileType = sourcecode.c.h;
			name = Config.h;
			path = ../../Source/rubberband/Config.h;
			sourceTree = "SOURCE_ROOT";
		};
		1E64F4EA73AEB2A96B3BBC34 = {
			isa = PBXFileReference;
			lastKnownFileType = sourcecode.c.h;
			name = Window.h;
			path = ../../Source/rubberband/dsp/Window.h;
			sourceTree = "SOURCE_ROOT";
		};
		2312C77C33F59B62F81A23C9 = {
			isa = PBXFileReference;
			lastKnownFileType = sourcecode.cpp.cpp;
			name = sysutils.cpp;
			path = ../../Source/rubberband/system/sysutils.cpp;
			sourceTree = "SOURCE_ROOT";
		};
		25390936A87614A523EDA131 = {
			isa = PBXFileReference;
			lastKnownFileType = sourcecode.cpp.cpp;
			name = WaveformView.cpp;
			path = ../../Source/WaveformView.cpp;
			sourceTree = "SOURCE_ROOT";
		};
		26DB02738AC3D953DA01A9A9 = {
			isa = PBXFileReference;
			lastKnownFileType = text.plist.xml;
			name = "Info-App.plist";
			path = "Info-App.plist";
			sourceTree = "SOURCE_ROOT";
		};
		2875FB066F8E25AFF984D789 = {
			isa = PBXFileReference;
			lastKnownFileType = wrapper.framework;
			name = QuartzCore.framework;
			path = System/Library/Frameworks/QuartzCore.framework;
			sourceTree = SDKROOT;
		};
		2906FC65D0EA6AB5BDF2A4EB = {
			isa = PBXFileReference;
			lastKnownFileType = sourcecode.c.h;
			name = "_kiss_fft_guts.h";
			path = "../../Source/rubberband/kissfft/_kiss_fft_guts.h";
			sourceTree = "SOURCE_ROOT";
		};
		2A6E536043F53FE20970222E = {
			isa = PBXFileReference;
			lastKnownFileType = sourcecode.cpp.objcpp;
			name = "include_juce_gui_basics.mm";
			path = "../../JuceLibraryCode/include_juce_gui_basics.mm";
			sourceTree = "SOURCE_ROOT";
		};
		2B96736BC328042F76C85829 = {
			isa = PBXFileReference;
			lastKnownFileType = sourcecode.c.h;
			name = SincWindow.h;
			path = ../../Source/rubberband/dsp/SincWindow.h;
			sourceTree = "SOURCE_ROOT";
		};
		2DB5D22E8B7E76FFED1FB2FA = {
			isa = PBXFileReference;
			lastKnownFileType = sourcecode.cpp.cpp;
			name = PropertySetDialog.cpp;
			path = ../../Source/PropertySetDialog.cpp;
			sourceTree = "SOURCE_ROOT";
		};
		2EBF59F66786EFBDE14C7D67 = {
			isa = PBXFileReference;
			lastKnownFileType = file;
			name = "juce_gui_basics";
			path = "../../JuceLibraryCode/modules/juce_gui_basics";
			sourceTree = "SOURCE_ROOT";
		};
		31B41BCB0354BA39C13C44E7 = {
			isa = PBXFileReference;
			lastKnownFileType = sourcecode.c.h;
			name = PatchView.h;
			path = ../../Source/PatchView.h;
			sourceTree = "SOURCE_ROOT";
		};
		31CB220F1DFCED969DD9F3C2 = {
			isa = PBXFileReference;
			lastKnownFileType = wrapper.framework;
			name = Cocoa.framework;
			path = System/Library/Frameworks/Cocoa.framework;
			sourceTree = SDKROOT;
		};
		3326EB1496A9F3E6448BDC04 = {
			isa = PBXFileReference;
			lastKnownFileType = sourcecode.c.h;
			name = CommandIDs.h;
			path = ../../Source/CommandIDs.h;
			sourceTree = "SOURCE_ROOT";
		};
		337C4C1CC2ABE55B1B849F2B = {
			isa = PBXFileReference;
			lastKnownFileType = sourcecode.c.h;
			name = StretcherImpl.h;
			path = ../../Source/rubberband/StretcherImpl.h;
			sourceTree = "SOURCE_ROOT";
		};
		353D320394BD80E3DB2B2344 = {
			isa = PBXFileReference;
			lastKnownFileType = sourcecode.c.h;
			name = StretcherChannelData.h;
			path = ../../Source/rubberband/StretcherChannelData.h;
			sourceTree = "SOURCE_ROOT";
		};
		35CCB483505409E4322A06C1 = {
			isa = PBXFileReference;
			lastKnownFileType = sourcecode.cpp.cpp;
			name = TrackView.cpp;
			path = ../../Source/TrackView.cpp;
			sourceTree = "SOURCE_ROOT";
		};
		37ABF70E49F04FF5464638F1 = {
			isa = PBXFileReference;
			lastKnownFileType = file;
			name = "juce_audio_basics";
			path = "../../JuceLibraryCode/modules/juce_audio_basics";
			sourceTree = "SOURCE_ROOT";
		};
		37E1B01E29B6C8D24FF9B4B5 = {
			isa = PBXFileReference;
			lastKnownFileType = sourcecode.cpp.objcpp;
			name = "include_juce_audio_utils.mm";
			path = "../../JuceLibraryCode/include_juce_audio_utils.mm";
			sourceTree = "SOURCE_ROOT";
		};
		3991F87764AECDCB4134A96A = {
			isa = PBXFileReference;
			lastKnownFileType = sourcecode.c.h;
			name = "sse_mathfun.h";
			path = "../../Source/rubberband/pommier/sse_mathfun.h";
			sourceTree = "SOURCE_ROOT";
		};
		3BB936ED9785C86FACEE402F = {
			isa = PBXFileReference;
			lastKnownFileType = sourcecode.c.h;
			name = TrackLabel.h;
			path = ../../Source/TrackLabel.h;
			sourceTree = "SOURCE_ROOT";
		};
		3CF772192681FD04CF8FE7A7 = {
			isa = PBXFileReference;
			lastKnownFileType = sourcecode.c.h;
			name = FFT.h;
			path = ../../Source/rubberband/dsp/FFT.h;
			sourceTree = "SOURCE_ROOT";
		};
		3D077457D5EFD1DD52A4B855 = {
			isa = PBXFileReference;
			lastKnownFileType = sourcecode.c.h;
			name = CustomLookAndFeel.h;
			path = ../../Source/CustomLookAndFeel.h;
			sourceTree = "SOURCE_ROOT";
		};
		3DE92706C5CA797694E26A71 = {
			isa = PBXFileReference;
			lastKnownFileType = sourcecode.cpp.cpp;
			name = LibraryView.cpp;
			path = ../../Source/LibraryView.cpp;
			sourceTree = "SOURCE_ROOT";
		};
		434CDC9382B758F9B5CCD61B = {
			isa = PBXFileReference;
			lastKnownFileType = sourcecode.c.h;
			name = "fastest_coeffs.h";
			path = "../../Source/libsamplerate/fastest_coeffs.h";
			sourceTree = "SOURCE_ROOT";
		};
		457E581F83A1188E636AF090 = {
			isa = PBXFileReference;
			lastKnownFileType = sourcecode.cpp.objcpp;
			name = "include_juce_core.mm";
			path = "../../JuceLibraryCode/include_juce_core.mm";
			sourceTree = "SOURCE_ROOT";
		};
		45FFCFB92FE37451742EB087 = {
			isa = PBXFileReference;
			lastKnownFileType = sourcecode.c.h;
			name = "high_qual_coeffs.h";
			path = "../../Source/libsamplerate/high_qual_coeffs.h";
			sourceTree = "SOURCE_ROOT";
		};
		46717E85E64C2EA831A88165 = {
			isa = PBXFileReference;
			lastKnownFileType = sourcecode.c.h;
			name = SystemView.h;
			path = ../../Source/SystemView.h;
			sourceTree = "SOURCE_ROOT";
		};
		4706213ED852680C874CCCC2 = {
			isa = PBXFileReference;
			lastKnownFileType = sourcecode.c.h;
			name = "float_cast.h";
			path = "../../Source/libsamplerate/float_cast.h";
			sourceTree = "SOURCE_ROOT";
		};
		4A18E3045E6909B00014D267 = {
			isa = PBXFileReference;
			lastKnownFileType = sourcecode.c.h;
			name = RubberBandStretcher.h;
			path = ../../Source/rubberband/RubberBandStretcher.h;
			sourceTree = "SOURCE_ROOT";
		};
		4B873DB92515F785193952C7 = {
			isa = PBXFileReference;
			lastKnownFileType = sourcecode.c.h;
			name = "speex_resampler.h";
			path = "../../Source/rubberband/speex/speex_resampler.h";
			sourceTree = "SOURCE_ROOT";
		};
		4C1307F7570C39864BE2045C = {
			isa = PBXFileReference;
			lastKnownFileType = sourcecode.c.h;
			name = WaveformView.h;
			path = ../../Source/WaveformView.h;
			sourceTree = "SOURCE_ROOT";
		};
		4DA358563FD935A8D89CD7B6 = {
			isa = PBXFileReference;
			lastKnownFileType = sourcecode.c.c;
			name = "kiss_fftr.c";
			path = "../../Source/rubberband/kissfft/kiss_fftr.c";
			sourceTree = "SOURCE_ROOT";
		};
		4E74CF92F06FDF16DE97A322 = {
			isa = PBXFileReference;
			lastKnownFileType = sourcecode.c.c;
			name = samplerate.c;
			path = ../../Source/libsamplerate/samplerate.c;
			sourceTree = "SOURCE_ROOT";
		};
		5075A8152D50305AD04F5715 = {
			isa = PBXFileReference;
			lastKnownFileType = sourcecode.cpp.cpp;
			name = StretcherProcess.cpp;
			path = ../../Source/rubberband/StretcherProcess.cpp;
			sourceTree = "SOURCE_ROOT";
		};
		513EAD40780EE24480CBBA9F = {
			isa = PBXFileReference;
			lastKnownFileType = sourcecode.c.h;
			name = VectorOps.h;
			path = ../../Source/rubberband/system/VectorOps.h;
			sourceTree = "SOURCE_ROOT";
		};
		51BCE078D718148078CA5365 = {
			isa = PBXFileReference;
			lastKnownFileType = sourcecode.c.h;
			name = "kiss_fftr.h";
			path = "../../Source/rubberband/kissfft/kiss_fftr.h";
			sourceTree = "SOURCE_ROOT";
		};
		55A9BB976AC351301DC92183 = {
			isa = PBXFileReference;
			lastKnownFileType = sourcecode.cpp.cpp;
			name = Thread.cpp;
			path = ../../Source/rubberband/system/Thread.cpp;
			sourceTree = "SOURCE_ROOT";
		};
		56B193F392BA59C597B6A0B8 = {
			isa = PBXFileReference;
			lastKnownFileType = sourcecode.cpp.cpp;
			name = SilentAudioCurve.cpp;
			path = ../../Source/rubberband/audiocurves/SilentAudioCurve.cpp;
			sourceTree = "SOURCE_ROOT";
		};
		5842EB53DEE9FEED7A0F63E5 = {
			isa = PBXFileReference;
			lastKnownFileType = sourcecode.c.h;
			name = MovingMedian.h;
			path = ../../Source/rubberband/dsp/MovingMedian.h;
			sourceTree = "SOURCE_ROOT";
		};
		59265D77390C3318E8271239 = {
			isa = PBXFileReference;
			lastKnownFileType = sourcecode.c.h;
			name = PropertyTreeView.h;
			path = ../../Source/PropertyTreeView.h;
			sourceTree = "SOURCE_ROOT";
		};
		5A9F83C359FB77FDDC71CA18 = {
			isa = PBXFileReference;
			lastKnownFileType = sourcecode.c.h;
			name = AudioEngine.h;
			path = ../../Source/AudioEngine.h;
			sourceTree = "SOURCE_ROOT";
		};
		5FEAEF5C2D96F551F344B93C = {
			isa = PBXFileReference;
			lastKnownFileType = sourcecode.cpp.cpp;
			name = PercussiveAudioCurve.cpp;
			path = ../../Source/rubberband/audiocurves/PercussiveAudioCurve.cpp;
			sourceTree = "SOURCE_ROOT";
		};
		60069BBDD7D1CDED61CC987E = {
			isa = PBXFileReference;
			lastKnownFileType = wrapper.framework;
			name = CoreMIDI.framework;
			path = System/Library/Frameworks/CoreMIDI.framework;
			sourceTree = SDKROOT;
		};
		614A3AC51D7FC7AB85724A06 = {
			isa = PBXFileReference;
			lastKnownFileType = sourcecode.cpp.cpp;
			name = CustomLookAndFeel.cpp;
			path = ../../Source/CustomLookAndFeel.cpp;
			sourceTree = "SOURCE_ROOT";
		};
		638DFC0CDA7226579FC83E76 = {
			isa = PBXFileReference;
			lastKnownFileType = file;
			name = COPYING;
			path = ../../Source/rubberband/kissfft/COPYING;
			sourceTree = "SOURCE_ROOT";
		};
		63F245A9A51A8B727C01CB3B = {
			isa = PBXFileReference;
			lastKnownFileType = sourcecode.cpp.objcpp;
			name = "include_juce_events.mm";
			path = "../../JuceLibraryCode/include_juce_events.mm";
			sourceTree = "SOURCE_ROOT";
		};
		647F6736BB1A095166032E7A = {
			isa = PBXFileReference;
			lastKnownFileType = sourcecode.cpp.cpp;
			name = FFT.cpp;
			path = ../../Source/rubberband/dsp/FFT.cpp;
			sourceTree = "SOURCE_ROOT";
		};
		6569BB9E9C9CBCCE3388349C = {
			isa = PBXFileReference;
			lastKnownFileType = sourcecode.c.h;
			name = VectorOpsComplex.h;
			path = ../../Source/rubberband/system/VectorOpsComplex.h;
			sourceTree = "SOURCE_ROOT";
		};
		66151721C789ECBCFFE3CE16 = {
			isa = PBXFileReference;
			lastKnownFileType = sourcecode.c.h;
			name = RC505.h;
			path = ../../Source/RC505.h;
			sourceTree = "SOURCE_ROOT";
		};
		681FF5BEDD663EDD5F79646F = {
			isa = PBXFileReference;
			lastKnownFileType = file;
			name = "juce_audio_formats";
			path = "../../JuceLibraryCode/modules/juce_audio_formats";
			sourceTree = "SOURCE_ROOT";
		};
		6980C75DE5B45191B8A41347 = {
			isa = PBXFileReference;
			lastKnownFileType = sourcecode.c.h;
			name = PropertyView.h;
			path = ../../Source/PropertyView.h;
			sourceTree = "SOURCE_ROOT";
		};
		69B3E6CECEEE838C773A4394 = {
			isa = PBXFileReference;
			lastKnownFileType = sourcecode.c.h;
			name = "kiss_fft.h";
			path = "../../Source/rubberband/kissfft/kiss_fft.h";
			sourceTree = "SOURCE_ROOT";
		};
		69BA3391B1962EE1744BFFB4 = {
			isa = PBXFileReference;
			lastKnownFileType = sourcecode.cpp.cpp;
			name = LooperEngine.cpp;
			path = ../../Source/LooperEngine.cpp;
			sourceTree = "SOURCE_ROOT";
		};
		6A4C1C16E280AAFC0A63E7F5 = {
			isa = PBXFileReference;
			lastKnownFileType = file.icns;
			name = Icon.icns;
			path = Icon.icns;
			sourceTree = "SOURCE_ROOT";
		};
		6B4842ACBA05802B9D883B7A = {
			isa = PBXFileReference;
			lastKnownFileType = sourcecode.c.h;
			name = JuceHeader.h;
			path = ../../JuceLibraryCode/JuceHeader.h;
			sourceTree = "SOURCE_ROOT";
		};
		6DD41FE4A2B81A9092D813DA = {
			isa = PBXFileReference;
			lastKnownFileType = sourcecode.cpp.cpp;
			name = SpectralDifferenceAudioCurve.cpp;
			path = ../../Source/rubberband/audiocurves/SpectralDifferenceAudioCurve.cpp;
			sourceTree = "SOURCE_ROOT";
		};
		6E5E52EBF3D63EFA410224E2 = {
			isa = PBXFileReference;
			lastKnownFileType = sourcecode.c.h;
			name = Resampler.h;
			path = ../../Source/rubberband/dsp/Resampler.h;
			sourceTree = "SOURCE_ROOT";
		};
		6F48C37CDAE983C8AA35B429 = {
			isa = PBXFileReference;
			lastKnownFileType = sourcecode.c.h;
			name = RingBuffer.h;
			path = ../../Source/rubberband/base/RingBuffer.h;
			sourceTree = "SOURCE_ROOT";
		};
		72045CB55400F68A63ED8E3D = {
			isa = PBXFileReference;
			lastKnownFileType = file;
			name = "juce_gui_extra";
			path = "../../JuceLibraryCode/modules/juce_gui_extra";
			sourceTree = "SOURCE_ROOT";
		};
		73626E59A34C4CEA7BBF6877 = {
			isa = PBXFileReference;
			lastKnownFileType = sourcecode.c.h;
			name = PercussiveAudioCurve.h;
			path = ../../Source/rubberband/audiocurves/PercussiveAudioCurve.h;
			sourceTree = "SOURCE_ROOT";
		};
		756AEA7725BEB23FEC262D74 = {
			isa = PBXFileReference;
			lastKnownFileType = sourcecode.cpp.objcpp;
			name = "include_juce_graphics.mm";
			path = "../../JuceLibraryCode/include_juce_graphics.mm";
			sourceTree = "SOURCE_ROOT";
		};
		75B64D06120C790032E8E3C4 = {
			isa = PBXFileReference;
			lastKnownFileType = sourcecode.cpp.objcpp;
			name = "include_juce_audio_formats.mm";
			path = "../../JuceLibraryCode/include_juce_audio_formats.mm";
			sourceTree = "SOURCE_ROOT";
		};
		76DE0843A8CDFD9284CB0BBC = {
			isa = PBXFileReference;
			lastKnownFileType = sourcecode.cpp.cpp;
			name = PropertyTreeView.cpp;
			path = ../../Source/PropertyTreeView.cpp;
			sourceTree = "SOURCE_ROOT";
		};
		76F4DAF39EA475D08EA4EBDE = {
			isa = PBXFileReference;
			lastKnownFileType = sourcecode.c.h;
			name = Profiler.h;
			path = ../../Source/rubberband/base/Profiler.h;
			sourceTree = "SOURCE_ROOT";
		};
		7AC819503EC93CC701C66F2F = {
			isa = PBXFileReference;
			lastKnownFileType = file.v2;
			name = SYSTEM.RC0.v2;
			path = ../../Resources/SYSTEM.RC0.v2;
			sourceTree = "SOURCE_ROOT";
		};
		7B4F4F01E2E723F773C80EFC = {
			isa = PBXFileReference;
			lastKnownFileType = file;
			name = "juce_graphics";
			path = "../../JuceLibraryCode/modules/juce_graphics";
			sourceTree = "SOURCE_ROOT";
		};
		7BE5CF85F7BAD706A1ECADAE = {
			isa = PBXFileReference;
			lastKnownFileType = sourcecode.c.h;
			name = "float_cast.h";
			path = "../../Source/rubberband/float_cast/float_cast.h";
			sourceTree = "SOURCE_ROOT";
		};
		7D22497AEEAB37B48C777D57 = {
			isa = PBXFileReference;
			lastKnownFileType = sourcecode.cpp.cpp;
			name = SystemView.cpp;
			path = ../../Source/SystemView.cpp;
			sourceTree = "SOURCE_ROOT";
		};
		7DE18C15AAC5323B1E9BE19C = {
			isa = PBXFileReference;
			lastKnownFileType = file;
			name = "juce_core";
			path = "../../JuceLibraryCode/modules/juce_core";
			sourceTree = "SOURCE_ROOT";
		};
		7FED50C23202698DEAF38B6B = {
			isa = PBXFileReference;
			lastKnownFileType = sourcecode.c.h;
			name = LooperEngine.h;
			path = ../../Source/LooperEngine.h;
			sourceTree = "SOURCE_ROOT";
		};
		805BCF40DAFACBBF3D55597C = {
			isa = PBXFileReference;
			lastKnownFileType = sourcecode.c.h;
			name = LibraryTasks.h;
			path = ../../Source/LibraryTasks.h;
			sourceTree = "SOURCE_ROOT";
		};
		83E698D1F8E2D87931411863 = {
			isa = PBXFileReference;
			lastKnownFileType = sourcecode.c.h;
			name = PropertySetDialog.h;
			path = ../../Source/PropertySetDialog.h;
			sourceTree = "SOURCE_ROOT";
		};
		854EFF0437BB788D78B8C94F = {
			isa = PBXFileReference;
			lastKnownFileType = sourcecode.c.h;
			name = sysutils.h;
			path = ../../Source/rubberband/system/sysutils.h;
			sourceTree = "SOURCE_ROOT";
		};
		863F407AF03AC2760632D8F0 = {
			isa = PBXFileReference;
			lastKnownFileType = sourcecode.c.h;
			name = Utils.h;
			path = ../../Source/Utils.h;
			sourceTree = "SOURCE_ROOT";
		};
		866B7E08A92EDD741E5BC468 = {
			isa = PBXFileReference;
			lastKnownFileType = image.png;
			name = "icon-large.png";
			path = "../../Resources/icon-large.png";
			sourceTree = "SOURCE_ROOT";
		};
		8A16343414EA9A45A949197C = {
			isa = PBXFileReference;
			lastKnownFileType = file.nib;
			name = RecentFilesMenuTemplate.nib;
			path = RecentFilesMenuTemplate.nib;
			sourceTree = "SOURCE_ROOT";
		};
		8A88D8037F5352A34A8B8799 = {
			isa = PBXFileReference;
			lastKnownFileType = sourcecode.cpp.objcpp;
			name = "include_juce_audio_basics.mm";
			path = "../../JuceLibraryCode/include_juce_audio_basics.mm";
			sourceTree = "SOURCE_ROOT";
		};
		8B4347C6DFCAC0DA52E976BB = {
			isa = PBXFileReference;
			lastKnownFileType = sourcecode.c.h;
			name = PlayButton.h;
			path = ../../Source/PlayButton.h;
			sourceTree = "SOURCE_ROOT";
		};
		8C5BDA804EEA0EB88819485C = {
			isa = PBXFileReference;
			lastKnownFileType = sourcecode.c.h;
			name = AppConfig.h;
			path = ../../JuceLibraryCode/AppConfig.h;
			sourceTree = "SOURCE_ROOT";
		};
		913D3935EFD50EEA6BD819F0 = {
			isa = PBXFileReference;
			lastKnownFileType = file;
			name = "juce_audio_processors";
			path = "../../JuceLibraryCode/modules/juce_audio_processors";
			sourceTree = "SOURCE_ROOT";
		};
		9380EF2933595E8256FA79F6 = {
			isa = PBXFileReference;
			lastKnownFileType = sourcecode.cpp.objcpp;
			name = "include_juce_data_structures.mm";
			path = "../../JuceLibraryCode/include_juce_data_structures.mm";
			sourceTree = "SOURCE_ROOT";
		};
		99BBE97E05F39115652DA790 = {
			isa = PBXFileReference;
			lastKnownFileType = sourcecode.c.h;
			name = Allocators.h;
			path = ../../Source/rubberband/system/Allocators.h;
			sourceTree = "SOURCE_ROOT";
		};
		99EA3F52D8C590FE34374949 = {
			isa = PBXFileReference;
			lastKnownFileType = sourcecode.cpp.cpp;
			name = Profiler.cpp;
			path = ../../Source/rubberband/base/Profiler.cpp;
			sourceTree = "SOURCE_ROOT";
		};
		9A2A879EEDF897C93B55A0BC = {
			isa = PBXFileReference;
			lastKnownFileType = sourcecode.c.h;
			name = BinaryData.h;
			path = ../../JuceLibraryCode/BinaryData.h;
			sourceTree = "SOURCE_ROOT";
		};
		9A898612618320A633F45486 = {
			isa = PBXFileReference;
			lastKnownFileType = sourcecode.cpp.cpp;
			name = AudioEngine.cpp;
			path = ../../Source/AudioEngine.cpp;
			sourceTree = "SOURCE_ROOT";
		};
		9E98FD4C299575B6A1AE575D = {
			isa = PBXFileReference;
			lastKnownFileType = sourcecode.cpp.cpp;
			name = VectorOpsComplex.cpp;
			path = ../../Source/rubberband/system/VectorOpsComplex.cpp;
			sourceTree = "SOURCE_ROOT";
		};
		A099A550CCFDAE3B2459E5D1 = {
			isa = PBXFileReference;
			lastKnownFileType = sourcecode.cpp.cpp;
			name = StretchCalculator.cpp;
			path = ../../Source/rubberband/StretchCalculator.cpp;
			sourceTree = "SOURCE_ROOT";
		};
		A1177AF08F1D0FBF31DFBD23 = {
			isa = PBXFileReference;
			lastKnownFileType = wrapper.framework;
			name = Carbon.framework;
			path = System/Library/Frameworks/Carbon.framework;
			sourceTree = SDKROOT;
		};
		A31C49F09D33A752F242DB41 = {
			isa = PBXFileReference;
			lastKnownFileType = file;
			name = "juce_data_structures";
			path = "../../JuceLibraryCode/modules/juce_data_structures";
			sourceTree = "SOURCE_ROOT";
		};
		A8E26A8FBBAE23199F991536 = {
			isa = PBXFileReference;
			lastKnownFileType = sourcecode.cpp.cpp;
			name = Main.cpp;
			path = ../../Source/Main.cpp;
			sourceTree = "SOURCE_ROOT";
		};
		A9E68B1C93E78853C5579E19 = {
			isa = PBXFileReference;
			lastKnownFileType = sourcecode.c.h;
			name = TrackView.h;
			path = ../../Source/TrackView.h;
			sourceTree = "SOURCE_ROOT";
		};
		AACBE8B9939673F0A182DDD0 = {
			isa = PBXFileReference;
			lastKnownFileType = sourcecode.cpp.cpp;
			name = MainComponent.cpp;
			path = ../../Source/MainComponent.cpp;
			sourceTree = "SOURCE_ROOT";
		};
		AB7F2D63068F86C19ECA610D = {
			isa = PBXFileReference;
			lastKnownFileType = wrapper.framework;
			name = AudioToolbox.framework;
			path = System/Library/Frameworks/AudioToolbox.framework;
			sourceTree = SDKROOT;
		};
		AC37A90D84F6DEDE01616644 = {
			isa = PBXFileReference;
			lastKnownFileType = wrapper.framework;
			name = IOKit.framework;
			path = System/Library/Frameworks/IOKit.framework;
			sourceTree = SDKROOT;
		};
		AF0427665CE92265E8ED42AF = {
			isa = PBXFileReference;
			lastKnownFileType = sourcecode.cpp.cpp;
			name = Allocators.cpp;
			path = ../../Source/rubberband/system/Allocators.cpp;
			sourceTree = "SOURCE_ROOT";
		};
		AFED67ABF22CA4CE68E8615C = {
			isa = PBXFileReference;
			lastKnownFileType = sourcecode.c.c;
			name = resample.c;
			path = ../../Source/rubberband/speex/resample.c;
			sourceTree = "SOURCE_ROOT";
		};
		B30326007E8A4E503E4E4BAB = {
			isa = PBXFileReference;
			lastKnownFileType = sourcecode.c.h;
			name = MemoryView.h;
			path = ../../Source/MemoryView.h;
			sourceTree = "SOURCE_ROOT";
		};
		B38A958DE0608226B282CE13 = {
			isa = PBXFileReference;
			lastKnownFileType = wrapper.framework;
			name = CoreAudio.framework;
			path = System/Library/Frameworks/CoreAudio.framework;
			sourceTree = SDKROOT;
		};
		C1E658408BA6A9FE980A1F55 = {
			isa = PBXFileReference;
			lastKnownFileType = sourcecode.cpp.cpp;
			name = RC505.cpp;
			path = ../../Source/RC505.cpp;
			sourceTree = "SOURCE_ROOT";
		};
		C2A3716C849621AE97A3DBC3 = {
			isa = PBXFileReference;
			lastKnownFileType = sourcecode.cpp.cpp;
			name = ConstantAudioCurve.cpp;
			path = ../../Source/rubberband/audiocurves/ConstantAudioCurve.cpp;
			sourceTree = "SOURCE_ROOT";
		};
		C2B28F07115F157F6ECA179B = {
			isa = PBXFileReference;
			lastKnownFileType = sourcecode.c.h;
			name = CompoundAudioCurve.h;
			path = ../../Source/rubberband/audiocurves/CompoundAudioCurve.h;
			sourceTree = "SOURCE_ROOT";
		};
		C4301DBA1AB468D7BA84796E = {
			isa = PBXFileReference;
			lastKnownFileType = sourcecode.cpp.cpp;
			name = PropertyView.cpp;
			path = ../../Source/PropertyView.cpp;
			sourceTree = "SOURCE_ROOT";
		};
		C4FF4ED7C7BB1669A8C18A4C = {
			isa = PBXFileReference;
			lastKnownFileType = sourcecode.c.h;
			name = LibraryView.h;
			path = ../../Source/LibraryView.h;
			sourceTree = "SOURCE_ROOT";
		};
		C5D0C8BF30D0AEF067CDCF93 = {
			isa = PBXFileReference;
			lastKnownFileType = file.v2;
			name = MEMORY.RC0.v2;
			path = ../../Resources/MEMORY.RC0.v2;
			sourceTree = "SOURCE_ROOT";
		};
		C659A15DF06178D25A4AD54F = {
			isa = PBXFileReference;
			lastKnownFileType = sourcecode.cpp.cpp;
			name = StretcherImpl.cpp;
			path = ../../Source/rubberband/StretcherImpl.cpp;
			sourceTree = "SOURCE_ROOT";
		};
		C6D109EF1EA9598E847039EF = {
			isa = PBXFileReference;
			lastKnownFileType = file;
			name = "juce_events";
			path = "../../JuceLibraryCode/modules/juce_events";
			sourceTree = "SOURCE_ROOT";
		};
		CB270B4D9C613FC31C9232DB = {
			isa = PBXFileReference;
			lastKnownFileType = sourcecode.c.h;
			name = MountedVolumeListChangeDetector.h;
			path = ../../Source/MountedVolumeListChangeDetector.h;
			sourceTree = "SOURCE_ROOT";
		};
		CB6CC7DC43AE67F9C28E281C = {
			isa = PBXFileReference;
			lastKnownFileType = sourcecode.c.h;
			name = samplerate.h;
			path = ../../Source/libsamplerate/samplerate.h;
			sourceTree = "SOURCE_ROOT";
		};
		CDA035B43C0FE8279DDAF0C0 = {
			isa = PBXFileReference;
			lastKnownFileType = sourcecode.cpp.cpp;
			name = StretcherChannelData.cpp;
			path = ../../Source/rubberband/StretcherChannelData.cpp;
			sourceTree = "SOURCE_ROOT";
		};
		CDF650AC35CAFE39C208FF02 = {
			isa = PBXFileReference;
			explicitFileType = wrapper.application;
			includeInIndex = 0;
			path = "RC-505 Editor.app";
			sourceTree = "BUILT_PRODUCTS_DIR";
		};
		D082280C33D30FB792A5FEE2 = {
			isa = PBXFileReference;
			lastKnownFileType = sourcecode.c.h;
			name = HighFrequencyAudioCurve.h;
			path = ../../Source/rubberband/audiocurves/HighFrequencyAudioCurve.h;
			sourceTree = "SOURCE_ROOT";
		};
		D5D2F8471B5ADE1CE0C1B339 = {
			isa = PBXFileReference;
			lastKnownFileType = sourcecode.cpp.cpp;
			name = TrackLabel.cpp;
			path = ../../Source/TrackLabel.cpp;
			sourceTree = "SOURCE_ROOT";
		};
		D7A717A53EA1EC3AF7D6E700 = {
			isa = PBXFileReference;
			lastKnownFileType = sourcecode.cpp.cpp;
			name = CompoundAudioCurve.cpp;
			path = ../../Source/rubberband/audiocurves/CompoundAudioCurve.cpp;
			sourceTree = "SOURCE_ROOT";
		};
		D871343D3E93D5ED747EEE2E = {
			isa = PBXFileReference;
			lastKnownFileType = sourcecode.cpp.cpp;
			name = HighFrequencyAudioCurve.cpp;
			path = ../../Source/rubberband/audiocurves/HighFrequencyAudioCurve.cpp;
			sourceTree = "SOURCE_ROOT";
		};
		D93C1C329888950B1543DC05 = {
			isa = PBXFileReference;
			lastKnownFileType = wrapper.framework;
			name = WebKit.framework;
			path = System/Library/Frameworks/WebKit.framework;
			sourceTree = SDKROOT;
		};
		DD820AA0C5DFFC0871449DFD = {
			isa = PBXFileReference;
			lastKnownFileType = sourcecode.c.h;
			name = common.h;
			path = ../../Source/libsamplerate/common.h;
			sourceTree = "SOURCE_ROOT";
		};
		DDB929261E206E2364E5881C = {
			isa = PBXFileReference;
			lastKnownFileType = file;
			name = COPYING;
			path = ../../Source/rubberband/speex/COPYING;
			sourceTree = "SOURCE_ROOT";
		};
		DDFE971FEAFC2F2F302D0A94 = {
			isa = PBXFileReference;
			lastKnownFileType = sourcecode.c.h;
			name = StretchCalculator.h;
			path = ../../Source/rubberband/StretchCalculator.h;
			sourceTree = "SOURCE_ROOT";
		};
		E294A003CC18FFE9C20F61BA = {
			isa = PBXFileReference;
			lastKnownFileType = sourcecode.c.h;
			name = SampleFilter.h;
			path = ../../Source/rubberband/dsp/SampleFilter.h;
			sourceTree = "SOURCE_ROOT";
		};
		E3690DE1584162DED5A196A1 = {
			isa = PBXFileReference;
			lastKnownFileType = sourcecode.c.h;
			name = "mid_qual_coeffs.h";
			path = "../../Source/libsamplerate/mid_qual_coeffs.h";
			sourceTree = "SOURCE_ROOT";
		};
		EAE581AA37B18F507D208C48 = {
			isa = PBXFileReference;
			lastKnownFileType = image.png;
			name = "icon-small.png";
			path = "../../Resources/icon-small.png";
			sourceTree = "SOURCE_ROOT";
		};
		EB2C798DABC0BBC7515B1BC4 = {
			isa = PBXFileReference;
			lastKnownFileType = sourcecode.cpp.cpp;
			name = TooltipPanel.cpp;
			path = ../../Source/TooltipPanel.cpp;
			sourceTree = "SOURCE_ROOT";
		};
		EB7422F3D5A2B3ED5F90D48E = {
			isa = PBXFileReference;
			lastKnownFileType = sourcecode.c.c;
			name = "kiss_fft.c";
			path = "../../Source/rubberband/kissfft/kiss_fft.c";
			sourceTree = "SOURCE_ROOT";
		};
		ED094E184E789111D76242F4 = {
			isa = PBXFileReference;
			lastKnownFileType = sourcecode.cpp.cpp;
			name = BinaryData.cpp;
			path = ../../JuceLibraryCode/BinaryData.cpp;
			sourceTree = "SOURCE_ROOT";
		};
		ED1C768FE84E831ED4EF455D = {
			isa = PBXFileReference;
			lastKnownFileType = sourcecode.c.h;
			name = PatchTreeView.h;
			path = ../../Source/PatchTreeView.h;
			sourceTree = "SOURCE_ROOT";
		};
		EF09EC7E92E0FB74C9E64075 = {
			isa = PBXFileReference;
			lastKnownFileType = sourcecode.cpp.cpp;
			name = PatchTreeView.cpp;
			path = ../../Source/PatchTreeView.cpp;
			sourceTree = "SOURCE_ROOT";
		};
		EF5F8A721F5A9E90F189C6CC = {
			isa = PBXFileReference;
			lastKnownFileType = file.ttf;
			name = Matrix.ttf;
			path = ../../Resources/Matrix.ttf;
			sourceTree = "SOURCE_ROOT";
		};
		F05BA2567C61F64EB826FF2A = {
			isa = PBXFileReference;
			lastKnownFileType = sourcecode.cpp.objcpp;
			name = "include_juce_audio_devices.mm";
			path = "../../JuceLibraryCode/include_juce_audio_devices.mm";
			sourceTree = "SOURCE_ROOT";
		};
		F1606B04EC57C63767A6CE97 = {
			isa = PBXFileReference;
			lastKnownFileType = sourcecode.cpp.cpp;
			name = PatchView.cpp;
			path = ../../Source/PatchView.cpp;
			sourceTree = "SOURCE_ROOT";
		};
		F46812FB2D57F1FA81FF5F16 = {
			isa = PBXFileReference;
			lastKnownFileType = sourcecode.cpp.cpp;
			name = RubberBandStretcher.cpp;
			path = ../../Source/rubberband/RubberBandStretcher.cpp;
			sourceTree = "SOURCE_ROOT";
		};
		F47DBB717F401171DB4C0FB6 = {
			isa = PBXFileReference;
			lastKnownFileType = sourcecode.cpp.objcpp;
			name = "include_juce_gui_extra.mm";
			path = "../../JuceLibraryCode/include_juce_gui_extra.mm";
			sourceTree = "SOURCE_ROOT";
		};
		F49BD080B11A409D530511F7 = {
			isa = PBXFileReference;
			lastKnownFileType = sourcecode.cpp.cpp;
			name = MemoryView.cpp;
			path = ../../Source/MemoryView.cpp;
			sourceTree = "SOURCE_ROOT";
		};
		F63C79A1A154D7A740E0E57F = {
			isa = PBXFileReference;
			lastKnownFileType = wrapper.framework;
			name = Accelerate.framework;
			path = System/Library/Frameworks/Accelerate.framework;
			sourceTree = SDKROOT;
		};
		F8029A1ABB35DAC52A40FBEB = {
			isa = PBXFileReference;
			lastKnownFileType = sourcecode.c.h;
			name = AudioCurveCalculator.h;
			path = ../../Source/rubberband/dsp/AudioCurveCalculator.h;
			sourceTree = "SOURCE_ROOT";
		};
		F8349083294D9072D4CDFFE7 = {
			isa = PBXFileReference;
			lastKnownFileType = sourcecode.c.h;
			name = ConstantAudioCurve.h;
			path = ../../Source/rubberband/audiocurves/ConstantAudioCurve.h;
			sourceTree = "SOURCE_ROOT";
		};
		FA2B752D0149BD3ACC76A64C = {
			isa = PBXFileReference;
			lastKnownFileType = sourcecode.c.h;
			name = Thread.h;
			path = ../../Source/rubberband/system/Thread.h;
			sourceTree = "SOURCE_ROOT";
		};
		FE3B61C62AA78F9C378E3D0F = {
			isa = PBXFileReference;
			lastKnownFileType = sourcecode.c.h;
			name = SilentAudioCurve.h;
			path = ../../Source/rubberband/audiocurves/SilentAudioCurve.h;
			sourceTree = "SOURCE_ROOT";
		};
		FE890F69E984287B2A00635B = {
			isa = PBXFileReference;
			lastKnownFileType = sourcecode.cpp.cpp;
			name = Utils.cpp;
			path = ../../Source/Utils.cpp;
			sourceTree = "SOURCE_ROOT";
		};
		682077174D2CD82A3FF40B58 = {
			isa = PBXGroup;
			children = (
				866B7E08A92EDD741E5BC468,
				EAE581AA37B18F507D208C48,
				EF5F8A721F5A9E90F189C6CC,
				C5D0C8BF30D0AEF067CDCF93,
				7AC819503EC93CC701C66F2F,
			);
			name = Resources;
			sourceTree = "<group>";
		};
		2AFF66726135EC740BF670C4 = {
			isa = PBXGroup;
			children = (
				DD820AA0C5DFFC0871449DFD,
				434CDC9382B758F9B5CCD61B,
				4706213ED852680C874CCCC2,
				45FFCFB92FE37451742EB087,
				E3690DE1584162DED5A196A1,
				4E74CF92F06FDF16DE97A322,
				CB6CC7DC43AE67F9C28E281C,
				0834853E4B652E84C541EF3E,
				11F63AF8D81190EC2CD93AA4,
				13A03F9DF7FB1B0F0453BB72,
			);
			name = libsamplerate;
			sourceTree = "<group>";
		};
		F1E0720A534E3C7BE0A8AED2 = {
			isa = PBXGroup;
			children = (
				D7A717A53EA1EC3AF7D6E700,
				C2B28F07115F157F6ECA179B,
				C2A3716C849621AE97A3DBC3,
				F8349083294D9072D4CDFFE7,
				D871343D3E93D5ED747EEE2E,
				D082280C33D30FB792A5FEE2,
				5FEAEF5C2D96F551F344B93C,
				73626E59A34C4CEA7BBF6877,
				56B193F392BA59C597B6A0B8,
				FE3B61C62AA78F9C378E3D0F,
				6DD41FE4A2B81A9092D813DA,
				1A9E09B2EDBA66E6BF60E69D,
			);
			name = audiocurves;
			sourceTree = "<group>";
		};
		E62C98EE9FF9C72FB0E19B32 = {
			isa = PBXGroup;
			children = (
				99EA3F52D8C590FE34374949,
				76F4DAF39EA475D08EA4EBDE,
				6F48C37CDAE983C8AA35B429,
				0084CC3DBC8C8F24C4AD8E92,
			);
			name = base;
			sourceTree = "<group>";
		};
		FA03B50305455EA38DA10398 = {
			isa = PBXGroup;
			children = (
				00901C3E8485E935C71E7C83,
				F8029A1ABB35DAC52A40FBEB,
				647F6736BB1A095166032E7A,
				3CF772192681FD04CF8FE7A7,
				5842EB53DEE9FEED7A0F63E5,
				0A836C08DECDD3354A51E109,
				6E5E52EBF3D63EFA410224E2,
				E294A003CC18FFE9C20F61BA,
				2B96736BC328042F76C85829,
				1E64F4EA73AEB2A96B3BBC34,
			);
			name = dsp;
			sourceTree = "<group>";
		};
		D929D02E70AFD189C62A5780 = {
			isa = PBXGroup;
			children = (
				7BE5CF85F7BAD706A1ECADAE,
			);
			name = "float_cast";
			sourceTree = "<group>";
		};
		A8D3412D02BF5FAF1F8DB5C6 = {
			isa = PBXGroup;
			children = (
				2906FC65D0EA6AB5BDF2A4EB,
				638DFC0CDA7226579FC83E76,
				EB7422F3D5A2B3ED5F90D48E,
				69B3E6CECEEE838C773A4394,
				4DA358563FD935A8D89CD7B6,
				51BCE078D718148078CA5365,
			);
			name = kissfft;
			sourceTree = "<group>";
		};
		0B68BFEC49375ADFE3394F4B = {
			isa = PBXGroup;
			children = (
				059653CD6188220356C6138D,
				3991F87764AECDCB4134A96A,
			);
			name = pommier;
			sourceTree = "<group>";
		};
		0AA8F28FDF2B4D5505E1A2FA = {
			isa = PBXGroup;
			children = (
				DDB929261E206E2364E5881C,
				AFED67ABF22CA4CE68E8615C,
				4B873DB92515F785193952C7,
			);
			name = speex;
			sourceTree = "<group>";
		};
		59BE109A51464B75935900BA = {
			isa = PBXGroup;
			children = (
				AF0427665CE92265E8ED42AF,
				99BBE97E05F39115652DA790,
				2312C77C33F59B62F81A23C9,
				854EFF0437BB788D78B8C94F,
				55A9BB976AC351301DC92183,
				FA2B752D0149BD3ACC76A64C,
				513EAD40780EE24480CBBA9F,
				9E98FD4C299575B6A1AE575D,
				6569BB9E9C9CBCCE3388349C,
			);
			name = system;
			sourceTree = "<group>";
		};
		93F8D0A76E2BB965B89A1EDE = {
			isa = PBXGroup;
			children = (
				F1E0720A534E3C7BE0A8AED2,
				E62C98EE9FF9C72FB0E19B32,
				FA03B50305455EA38DA10398,
				D929D02E70AFD189C62A5780,
				A8D3412D02BF5FAF1F8DB5C6,
				0B68BFEC49375ADFE3394F4B,
				0AA8F28FDF2B4D5505E1A2FA,
				59BE109A51464B75935900BA,
				1D34E447807AC442520F6E96,
				F46812FB2D57F1FA81FF5F16,
				4A18E3045E6909B00014D267,
				A099A550CCFDAE3B2459E5D1,
				DDFE971FEAFC2F2F302D0A94,
				CDA035B43C0FE8279DDAF0C0,
				353D320394BD80E3DB2B2344,
				C659A15DF06178D25A4AD54F,
				337C4C1CC2ABE55B1B849F2B,
				5075A8152D50305AD04F5715,
			);
			name = rubberband;
			sourceTree = "<group>";
		};
		033EF968162A9D101DAB41ED = {
			isa = PBXGroup;
			children = (
				2AFF66726135EC740BF670C4,
				93F8D0A76E2BB965B89A1EDE,
				9A898612618320A633F45486,
				5A9F83C359FB77FDDC71CA18,
				3326EB1496A9F3E6448BDC04,
				614A3AC51D7FC7AB85724A06,
				3D077457D5EFD1DD52A4B855,
				805BCF40DAFACBBF3D55597C,
				3DE92706C5CA797694E26A71,
				C4FF4ED7C7BB1669A8C18A4C,
				69BA3391B1962EE1744BFFB4,
				7FED50C23202698DEAF38B6B,
				A8E26A8FBBAE23199F991536,
				AACBE8B9939673F0A182DDD0,
				1C3F70C3580C7E30EF6D42C8,
				F49BD080B11A409D530511F7,
				B30326007E8A4E503E4E4BAB,
				CB270B4D9C613FC31C9232DB,
				EF09EC7E92E0FB74C9E64075,
				ED1C768FE84E831ED4EF455D,
				F1606B04EC57C63767A6CE97,
				31B41BCB0354BA39C13C44E7,
				8B4347C6DFCAC0DA52E976BB,
				2DB5D22E8B7E76FFED1FB2FA,
				83E698D1F8E2D87931411863,
				76DE0843A8CDFD9284CB0BBC,
				59265D77390C3318E8271239,
				C4301DBA1AB468D7BA84796E,
				6980C75DE5B45191B8A41347,
				C1E658408BA6A9FE980A1F55,
				66151721C789ECBCFFE3CE16,
				7D22497AEEAB37B48C777D57,
				46717E85E64C2EA831A88165,
				EB2C798DABC0BBC7515B1BC4,
				04065B48D2361EAC57DABE29,
				D5D2F8471B5ADE1CE0C1B339,
				3BB936ED9785C86FACEE402F,
				35CCB483505409E4322A06C1,
				A9E68B1C93E78853C5579E19,
				FE890F69E984287B2A00635B,
				863F407AF03AC2760632D8F0,
				25390936A87614A523EDA131,
				4C1307F7570C39864BE2045C,
			);
			name = Source;
			sourceTree = "<group>";
		};
		E6499B1205B22557E91741D1 = {
			isa = PBXGroup;
			children = (
				682077174D2CD82A3FF40B58,
				033EF968162A9D101DAB41ED,
			);
			name = "RC-505 Editor";
			sourceTree = "<group>";
		};
		B0CBB1465FD65AD4F8FC772B = {
			isa = PBXGroup;
			children = (
				37ABF70E49F04FF5464638F1,
				03DEECC0B14EFEA0A3D09C37,
				681FF5BEDD663EDD5F79646F,
				913D3935EFD50EEA6BD819F0,
				16E70847FD616D8BB21E849F,
				7DE18C15AAC5323B1E9BE19C,
				A31C49F09D33A752F242DB41,
				C6D109EF1EA9598E847039EF,
				7B4F4F01E2E723F773C80EFC,
				2EBF59F66786EFBDE14C7D67,
				72045CB55400F68A63ED8E3D,
			);
			name = "JUCE Modules";
			sourceTree = "<group>";
		};
		2B13CC210A6B44A839473867 = {
			isa = PBXGroup;
			children = (
				8C5BDA804EEA0EB88819485C,
				ED094E184E789111D76242F4,
				9A2A879EEDF897C93B55A0BC,
				8A88D8037F5352A34A8B8799,
				F05BA2567C61F64EB826FF2A,
				75B64D06120C790032E8E3C4,
				030189DEE45EA0393AB918D4,
				37E1B01E29B6C8D24FF9B4B5,
				457E581F83A1188E636AF090,
				9380EF2933595E8256FA79F6,
				63F245A9A51A8B727C01CB3B,
				756AEA7725BEB23FEC262D74,
				2A6E536043F53FE20970222E,
				F47DBB717F401171DB4C0FB6,
				6B4842ACBA05802B9D883B7A,
			);
			name = "JUCE Library Code";
			sourceTree = "<group>";
		};
		9095CE884127B29A3611CED1 = {
			isa = PBXGroup;
			children = (
				26DB02738AC3D953DA01A9A9,
				8A16343414EA9A45A949197C,
				6A4C1C16E280AAFC0A63E7F5,
			);
			name = Resources;
			sourceTree = "<group>";
		};
		0726CF8F4B705589C1505B07 = {
			isa = PBXGroup;
			children = (
				F63C79A1A154D7A740E0E57F,
				AB7F2D63068F86C19ECA610D,
				A1177AF08F1D0FBF31DFBD23,
				31CB220F1DFCED969DD9F3C2,
				B38A958DE0608226B282CE13,
				60069BBDD7D1CDED61CC987E,
				08B7B8792ADA5586887FE005,
				AC37A90D84F6DEDE01616644,
				2875FB066F8E25AFF984D789,
				D93C1C329888950B1543DC05,
			);
			name = Frameworks;
			sourceTree = "<group>";
		};
		03F9574399867460FA7D4914 = {
			isa = PBXGroup;
			children = (
				CDF650AC35CAFE39C208FF02,
			);
			name = Products;
			sourceTree = "<group>";
		};
		F7560F1C482A955E73CC1496 = {
			isa = PBXGroup;
			children = (
				E6499B1205B22557E91741D1,
				B0CBB1465FD65AD4F8FC772B,
				2B13CC210A6B44A839473867,
				9095CE884127B29A3611CED1,
				0726CF8F4B705589C1505B07,
				03F9574399867460FA7D4914,
			);
			name = Source;
			sourceTree = "<group>";
		};
		627D906F5B3F8B0DA3AA693B = {
			isa = XCBuildConfiguration;
			buildSettings = {
				CLANG_CXX_LANGUAGE_STANDARD = "c++14";
				CLANG_CXX_LIBRARY = "libc++";
				CLANG_LINK_OBJC_RUNTIME = NO;
				COMBINE_HIDPI_IMAGES = YES;
				CONFIGURATION_BUILD_DIR = "$(PROJECT_DIR)/build/$(CONFIGURATION)";
				COPY_PHASE_STRIP = NO;
				GCC_DYNAMIC_NO_PIC = NO;
				GCC_OPTIMIZATION_LEVEL = 0;
				GCC_PREPROCESSOR_DEFINITIONS = (
					"_DEBUG=1",
					"DEBUG=1",
					"JUCER_XCODE_MAC_F6D2F4CF=1",
					"JUCE_APP_VERSION=0.0.3",
					"JUCE_APP_VERSION_HEX=0x3",
					"JucePlugin_Build_VST=0",
					"JucePlugin_Build_VST3=0",
					"JucePlugin_Build_AU=0",
					"JucePlugin_Build_AUv3=0",
					"JucePlugin_Build_RTAS=0",
					"JucePlugin_Build_AAX=0",
					"JucePlugin_Build_Standalone=0",
					"JucePlugin_Build_Unity=0",
				);
				GCC_VERSION = com.apple.compilers.llvm.clang.1_0;
				HEADER_SEARCH_PATHS = (
					"../../JuceLibraryCode",
					"../../JuceLibraryCode/modules",
					"$(inherited)",
				);
				INFOPLIST_FILE = Info-App.plist;
				INFOPLIST_PREPROCESS = NO;
				INSTALL_PATH = "$(HOME)/Applications";
				MACOSX_DEPLOYMENT_TARGET = 10.11;
				OTHER_CPLUSPLUSFLAGS = "-I../../Source/rubberband -stdlib=libc++";
				OTHER_LDFLAGS = "-stdlib=libc++";
				PRODUCT_BUNDLE_IDENTIFIER = ch.westlicht.rc-505-editor;
				PRODUCT_NAME = "RC-505 Editor";
				USE_HEADERMAP = NO;
			};
			name = Debug;
		};
		E29B856CF2D9372A57D6E921 = {
			isa = XCBuildConfiguration;
			buildSettings = {
				CLANG_CXX_LANGUAGE_STANDARD = "c++14";
				CLANG_CXX_LIBRARY = "libc++";
				CLANG_LINK_OBJC_RUNTIME = NO;
				COMBINE_HIDPI_IMAGES = YES;
				CONFIGURATION_BUILD_DIR = "$(PROJECT_DIR)/build/$(CONFIGURATION)";
				DEAD_CODE_STRIPPING = YES;
				GCC_GENERATE_DEBUGGING_SYMBOLS = NO;
				GCC_OPTIMIZATION_LEVEL = 3;
				GCC_PREPROCESSOR_DEFINITIONS = (
					"_NDEBUG=1",
					"NDEBUG=1",
					"JUCER_XCODE_MAC_F6D2F4CF=1",
					"JUCE_APP_VERSION=0.0.3",
					"JUCE_APP_VERSION_HEX=0x3",
					"JucePlugin_Build_VST=0",
					"JucePlugin_Build_VST3=0",
					"JucePlugin_Build_AU=0",
					"JucePlugin_Build_AUv3=0",
					"JucePlugin_Build_RTAS=0",
					"JucePlugin_Build_AAX=0",
					"JucePlugin_Build_Standalone=0",
					"JucePlugin_Build_Unity=0",
				);
				GCC_SYMBOLS_PRIVATE_EXTERN = YES;
				GCC_VERSION = com.apple.compilers.llvm.clang.1_0;
				HEADER_SEARCH_PATHS = (
					"../../JuceLibraryCode",
					"../../JuceLibraryCode/modules",
					"$(inherited)",
				);
				INFOPLIST_FILE = Info-App.plist;
				INFOPLIST_PREPROCESS = NO;
				INSTALL_PATH = "$(HOME)/Applications";
				LLVM_LTO = YES;
				MACOSX_DEPLOYMENT_TARGET = 10.11;
				OTHER_CPLUSPLUSFLAGS = "-I../../Source/rubberband -stdlib=libc++";
				OTHER_LDFLAGS = "-stdlib=libc++";
				PRODUCT_BUNDLE_IDENTIFIER = ch.westlicht.rc-505-editor;
				PRODUCT_NAME = "RC-505 Editor";
				USE_HEADERMAP = NO;
			};
			name = Release;
		};
		BF02B76D9E8FDF17210D05D0 = {
			isa = XCBuildConfiguration;
			buildSettings = {
				ALWAYS_SEARCH_USER_PATHS = NO;
				CLANG_ENABLE_OBJC_WEAK = YES;
				CLANG_WARN_BLOCK_CAPTURE_AUTORELEASING = YES;
				CLANG_WARN_BOOL_CONVERSION = YES;
				CLANG_WARN_COMMA = YES;
				CLANG_WARN_CONSTANT_CONVERSION = YES;
				CLANG_WARN_DEPRECATED_OBJC_IMPLEMENTATIONS = YES;
				CLANG_WARN_EMPTY_BODY = YES;
				CLANG_WARN_ENUM_CONVERSION = YES;
				CLANG_WARN_INFINITE_RECURSION = YES;
				CLANG_WARN_INT_CONVERSION = YES;
				CLANG_WARN_NON_LITERAL_NULL_CONVERSION = YES;
				CLANG_WARN_OBJC_IMPLICIT_RETAIN_SELF = YES;
				CLANG_WARN_OBJC_LITERAL_CONVERSION = YES;
				CLANG_WARN_RANGE_LOOP_ANALYSIS = YES;
				CLANG_WARN_STRICT_PROTOTYPES = YES;
				CLANG_WARN_SUSPICIOUS_MOVE = YES;
				CLANG_WARN_UNREACHABLE_CODE = YES;
				CLANG_WARN__DUPLICATE_METHOD_MATCH = YES;
				DEBUG_INFORMATION_FORMAT = dwarf;
				ENABLE_STRICT_OBJC_MSGSEND = YES;
				ENABLE_TESTABILITY = YES;
				GCC_C_LANGUAGE_STANDARD = c11;
				GCC_INLINES_ARE_PRIVATE_EXTERN = YES;
				GCC_MODEL_TUNING = G5;
				GCC_NO_COMMON_BLOCKS = YES;
				GCC_WARN_64_TO_32_BIT_CONVERSION = YES;
				GCC_WARN_ABOUT_RETURN_TYPE = YES;
				GCC_WARN_CHECK_SWITCH_STATEMENTS = YES;
				GCC_WARN_MISSING_PARENTHESES = YES;
				GCC_WARN_NON_VIRTUAL_DESTRUCTOR = YES;
				GCC_WARN_TYPECHECK_CALLS_TO_PRINTF = YES;
				GCC_WARN_UNDECLARED_SELECTOR = YES;
				GCC_WARN_UNINITIALIZED_AUTOS = YES;
				GCC_WARN_UNUSED_FUNCTION = YES;
				GCC_WARN_UNUSED_VARIABLE = YES;
				ONLY_ACTIVE_ARCH = YES;
				PRODUCT_NAME = "RC-505 Editor";
				WARNING_CFLAGS = "-Wreorder";
				ZERO_LINK = NO;
			};
			name = Debug;
		};
		DD0D04C27FB06CACED2EDEBC = {
			isa = XCBuildConfiguration;
			buildSettings = {
				ALWAYS_SEARCH_USER_PATHS = NO;
				CLANG_ENABLE_OBJC_WEAK = YES;
				CLANG_WARN_BLOCK_CAPTURE_AUTORELEASING = YES;
				CLANG_WARN_BOOL_CONVERSION = YES;
				CLANG_WARN_COMMA = YES;
				CLANG_WARN_CONSTANT_CONVERSION = YES;
				CLANG_WARN_DEPRECATED_OBJC_IMPLEMENTATIONS = YES;
				CLANG_WARN_EMPTY_BODY = YES;
				CLANG_WARN_ENUM_CONVERSION = YES;
				CLANG_WARN_INFINITE_RECURSION = YES;
				CLANG_WARN_INT_CONVERSION = YES;
				CLANG_WARN_NON_LITERAL_NULL_CONVERSION = YES;
				CLANG_WARN_OBJC_IMPLICIT_RETAIN_SELF = YES;
				CLANG_WARN_OBJC_LITERAL_CONVERSION = YES;
				CLANG_WARN_RANGE_LOOP_ANALYSIS = YES;
				CLANG_WARN_STRICT_PROTOTYPES = YES;
				CLANG_WARN_SUSPICIOUS_MOVE = YES;
				CLANG_WARN_UNREACHABLE_CODE = YES;
				CLANG_WARN__DUPLICATE_METHOD_MATCH = YES;
				DEBUG_INFORMATION_FORMAT = dwarf;
				ENABLE_STRICT_OBJC_MSGSEND = YES;
				GCC_C_LANGUAGE_STANDARD = c11;
				GCC_INLINES_ARE_PRIVATE_EXTERN = YES;
				GCC_MODEL_TUNING = G5;
				GCC_NO_COMMON_BLOCKS = YES;
				GCC_WARN_64_TO_32_BIT_CONVERSION = YES;
				GCC_WARN_ABOUT_RETURN_TYPE = YES;
				GCC_WARN_CHECK_SWITCH_STATEMENTS = YES;
				GCC_WARN_MISSING_PARENTHESES = YES;
				GCC_WARN_NON_VIRTUAL_DESTRUCTOR = YES;
				GCC_WARN_TYPECHECK_CALLS_TO_PRINTF = YES;
				GCC_WARN_UNDECLARED_SELECTOR = YES;
				GCC_WARN_UNINITIALIZED_AUTOS = YES;
				GCC_WARN_UNUSED_FUNCTION = YES;
				GCC_WARN_UNUSED_VARIABLE = YES;
				PRODUCT_NAME = "RC-505 Editor";
				WARNING_CFLAGS = "-Wreorder";
				ZERO_LINK = NO;
			};
			name = Release;
		};
		67000A1EA554D9B95B617EE4 = {
			isa = PBXTargetDependency;
			target = D14BF5B9997D3041349812FF;
		};
		B706F265BB8E47BC2D5AE63B = {
			isa = XCConfigurationList;
			buildConfigurations = (
				BF02B76D9E8FDF17210D05D0,
				DD0D04C27FB06CACED2EDEBC,
			);
			defaultConfigurationIsVisible = 0;
			defaultConfigurationName = Debug;
		};
		0694434FAE40623243773C85 = {
			isa = XCConfigurationList;
			buildConfigurations = (
				627D906F5B3F8B0DA3AA693B,
				E29B856CF2D9372A57D6E921,
			);
			defaultConfigurationIsVisible = 0;
			defaultConfigurationName = Debug;
		};
		111FF0B092D379DBB0A3BA15 = {
			isa = PBXResourcesBuildPhase;
			buildActionMask = 2147483647;
			files = (
				D57BD8AF9843252B1121AE99,
				CFE4EFC8C6437B1249A729C4,
			);
			runOnlyForDeploymentPostprocessing = 0;
		};
		774518FF797E330A25FC3F04 = {
			isa = PBXSourcesBuildPhase;
			buildActionMask = 2147483647;
			files = (
				B69C836B3B299C5CB7707EBB,
				12C9AE8153CC0AB4C8C43F14,
				3797BF3EF71429AFD285B982,
				98EA7D13ADD80D4D182480B7,
				0F5EE4F937FD901B9BBBB5A8,
				10A88BA4B8D955D0BBEBBC1C,
				4FD0790F0379A7C902D79F72,
				C9852325595F51823ED72AE5,
				7B78D0692189F286C06BE117,
				8B02D57EE4D0D8B9ACC3FF82,
				C7A14045C1E4035FC2284F57,
				94214846199774DA59F0BFBC,
				E3F8B8A9862A9C045316DEA5,
				3247714F5701A3AB4122B256,
				57E511E98F1C210F5D391272,
				37654085F76C372F0F5EE4F1,
				5952DBBB9C916D2DF2659E30,
				DF282D36B11DFC6A057634D9,
				45EF00430487B4CA7F3C13AB,
				64C09E65B5492CD3362BF83E,
				420F27BEB0D581014E818CC3,
				A28EDFFA0FFDC9F21DD36C3E,
				8CA9F13B711AD1DE70231DCF,
				CDC0ECCE065E169805B03A2B,
				3BF076D5CB02FDE0D612606A,
				03923C94AF5176B13B219E86,
				F1C5805D1AFE43BB3153B381,
				2E3A7D561DA592BCAB57FF87,
				159C5DC6628ACCE3D4537D96,
				941030C3684F0FA684E22221,
				F63D12370B0666B2F7D710DE,
				2EF064827F6BF757DFC5FC0A,
				9B8387781D24BB17AF6169A4,
				C90E57BA94FD1A3D4E61418F,
				F0EDFAB7019EF5344006F5BA,
				0575009E9418FB84741BFD2F,
				4A34787C98268DF38FECFB3A,
				CE94AF076CB920273BCB811A,
				1E2E68C0AC4B954D84FA9DE9,
				79BA495158398325F1EA9CAD,
				DEF4B2F3FE6964D96515522F,
				E69FDE2C781E68F89825881E,
				B93F17FB202DDFF58D8E2A26,
				142A651BE4E34C127DCB996D,
				4E61CD953ACC2C52DDD6944D,
				A26A96D68A94787DA2CCC6AD,
				6C903F7F524EF1D7689EC360,
				CB122BC410E0D8808404717B,
				C5F69160FE6E967A5B688F26,
				E11ACA54074C2BE245826B59,
				9CA8AE77F7AB1FC544D0B333,
				8E64911C7C3416109357576F,
				C0C279B78633FF21F3B6F326,
				9ABFC26AE67024FEA42D722C,
				0BFB75A654E7AE4A584E9926,
				F87F474A3F4A05F19BB59888,
				B7D2ACD693D0313B52590742,
			);
			runOnlyForDeploymentPostprocessing = 0;
		};
		9BAD8C04BB4FCED8A7546B51 = {
			isa = PBXFrameworksBuildPhase;
			buildActionMask = 2147483647;
			files = (
				9D228BE9623960861235977E,
				1CF1F65022BF4CFACD2F439B,
				B4FA164D0715D0ECB42BEB2B,
				14974CC2610FCA1D1B40C150,
				ADDB35F0FA0783894561C16D,
				0942E90D96AA9545147AEECE,
				22C1BE67DFA65C0F0057D4F2,
				23C70B253B5E61324466F077,
				421B70ABFB886EEC9460ABB9,
				BCB87B3EE5C0F0417D5F98F6,
			);
			runOnlyForDeploymentPostprocessing = 0;
		};
		D14BF5B9997D3041349812FF = {
			isa = PBXNativeTarget;
			buildConfigurationList = 0694434FAE40623243773C85;
			buildPhases = (
				111FF0B092D379DBB0A3BA15,
				774518FF797E330A25FC3F04,
				9BAD8C04BB4FCED8A7546B51,
			);
			buildRules = ( );
			dependencies = ( );
			name = "RC-505 Editor - App";
			productName = "RC-505 Editor";
			productReference = CDF650AC35CAFE39C208FF02;
			productType = "com.apple.product-type.application";
		};
		DB7EC58FE7FA2B031C92D75D = {
			isa = PBXProject;
			buildConfigurationList = B706F265BB8E47BC2D5AE63B;
			attributes = { LastUpgradeCheck = 0930; ORGANIZATIONNAME = "westlicht"; TargetAttributes = { D14BF5B9997D3041349812FF = { SystemCapabilities = {com.apple.ApplicationGroups.iOS = { enabled = 0; }; com.apple.InAppPurchase = { enabled = 0; }; com.apple.InterAppAudio = { enabled = 0; }; com.apple.Push = { enabled = 0; }; com.apple.Sandbox = { enabled = 0; }; com.apple.HardenedRuntime = { enabled = 0; }; }; }; }; };
			compatibilityVersion = "Xcode 3.2";
			hasScannedForEncodings = 0;
			mainGroup = F7560F1C482A955E73CC1496;
			projectDirPath = "";
			projectRoot = "";
			targets = (D14BF5B9997D3041349812FF);
			knownRegions = (en, Base);
		};
	};
	rootObject = DB7EC58FE7FA2B031C92D75D;
}
