Microsoft Visual Studio Solution File, Format Version 11.00
# Visual Studio 2015
Project("{FE2EDF6B-C48B-6979-10C2-E973E0F5A8AB}") = "RC-505 Editor", "RC-505 Editor.vcxproj", "{6CEB40D5-778E-9636-9459-C89A21D63A35}"
EndProject
Global
	GlobalSection(SolutionConfigurationPlatforms) = preSolution
		Debug|Win32 = Debug|Win32
		Release|Win32 = Release|Win32
	EndGlobalSection
	GlobalSection(ProjectConfigurationPlatforms) = postSolution
		{6CEB40D5-778E-9636-9459-C89A21D63A35}.Debug|Win32.ActiveCfg = Debug|Win32
		{6CEB40D5-778E-9636-9459-C89A21D63A35}.Debug|Win32.Build.0 = Debug|Win32
		{6CEB40D5-778E-9636-9459-C89A21D63A35}.Release|Win32.ActiveCfg = Release|Win32
		{6CEB40D5-778E-9636-9459-C89A21D63A35}.Release|Win32.Build.0 = Release|Win32
	EndGlobalSection
	GlobalSection(SolutionProperties) = preSolution
		HideSolutionNode = FALSE
	EndGlobalSection
EndGlobal
